
Microsoft Visual Studio Solution File, Format Version 12.00
# Visual Studio 15
VisualStudioVersion = 15.0.28307.271
MinimumVisualStudioVersion = 10.0.40219.1
Project("{FAE04EC0-301F-11D3-BF4B-00C04F79EFBC}") = "Freeblox Roblox Username Scraper", "Freeblox Roblox Username Scraper\Freeblox Roblox Username Scraper.csproj", "{97295EBC-4196-472B-BF9C-27C0D9DA7158}"
EndProject
Global
	GlobalSection(SolutionConfigurationPlatforms) = preSolution
		Debug|Any CPU = Debug|Any CPU
		Release|Any CPU = Release|Any CPU
	EndGlobalSection
	GlobalSection(ProjectConfigurationPlatforms) = postSolution
		{97295EBC-4196-472B-BF9C-27C0D9DA7158}.Debug|Any CPU.ActiveCfg = Debug|Any CPU
		{97295EBC-4196-472B-BF9C-27C0D9DA7158}.Debug|Any CPU.Build.0 = Debug|Any CPU
		{97295EBC-4196-472B-BF9C-27C0D9DA7158}.Release|Any CPU.ActiveCfg = Release|Any CPU
		{97295EBC-4196-472B-BF9C-27C0D9DA7158}.Release|Any CPU.Build.0 = Release|Any CPU
	EndGlobalSection
	GlobalSection(SolutionProperties) = preSolution
		HideSolutionNode = FALSE
	EndGlobalSection
	GlobalSection(ExtensibilityGlobals) = postSolution
		SolutionGuid = {DFEC9A1B-33CD-4367-A260-28A8E463E262}
	EndGlobalSection
EndGlobal
